<?xml version="1.0" encoding="utf-8"?>
<Project ToolsVersion="4.0" xmlns="http://schemas.microsoft.com/developer/msbuild/2003">
  <ItemGroup>
    <Filter Include="Source">
      <UniqueIdentifier>{4FC737F1-C7A5-4376-A066-2A32D752A2FF}</UniqueIdentifier>
      <Extensions>cpp;c;cc;cxx;c++;cppm;ixx;def;odl;idl;hpj;bat;asm;asmx</Extensions>
    </Filter>
    <Filter Include="Resources">
      <UniqueIdentifier>{a02833d1-bbde-4c41-8f32-47439d7d02df}</UniqueIdentifier>
    </Filter>
  </ItemGroup>
  <ItemGroup>
    <ClCompile Include="Main.cpp">
      <Filter>Source</Filter>
    </ClCompile>
    <ClCompile Include="Platformer.cpp">
      <Filter>Source</Filter>
    </ClCompile>
    <ClCompile Include="Player.cpp">
      <Filter>Source</Filter>
    </ClCompile>
    <ClCompile Include="Enemy.cpp">
      <Filter>Source</Filter>
    </ClCompile>
    <ClCompile Include="Coin.cpp">
      <Filter>Source</Filter>
    </ClCompile>
  </ItemGroup>
  <ItemGroup>
    <ClInclude Include="Platformer.h">
      <Filter>Source</Filter>
    </ClInclude>
    <ClInclude Include="Player.h">
      <Filter>Source</Filter>
    </ClInclude>
    <ClInclude Include="Enemy.h">
      <Filter>Source</Filter>
    </ClInclude>
    <ClInclude Include="Coin.h">
      <Filter>Source</Filter>
    </ClInclude>
  </ItemGroup>
  <ItemGroup>
    <None Include="..\..\..\Build\Assets\Platform\Scenes\Platformer.json">
      <Filter>Resources</Filter>
    </None>
    <None Include="..\..\..\Build\Assets\Platform\Scenes\tilemap.json">
      <Filter>Resources</Filter>
    </None>
    <None Include="..\..\..\Build\Assets\Platform\Scenes\death.json">
      <Filter>Resources</Filter>
    </None>
  </ItemGroup>
</Project>